
Microsoft Visual Studio Solution File, Format Version 12.00
Project("{FAE04EC0-301F-11D3-BF4B-00C04F79EFBC}") = "TodoListMVC.Web", "TodoListMVC.Web\TodoListMVC.Web.csproj", "{C90E3D3F-41D3-494B-81F6-EDE5938ED120}"
EndProject
Project("{FAE04EC0-301F-11D3-BF4B-00C04F79EFBC}") = "TodoListMVC.Lib", "TodoListMVC.Lib\TodoListMVC.Lib.csproj", "{AD3623E2-4CEF-491E-AF0A-A4661D23C02D}"
EndProject
Global
	GlobalSection(SolutionConfigurationPlatforms) = preSolution
		Debug|Any CPU = Debug|Any CPU
		Release|Any CPU = Release|Any CPU
	EndGlobalSection
	GlobalSection(ProjectConfigurationPlatforms) = postSolution
		{C90E3D3F-41D3-494B-81F6-EDE5938ED120}.Debug|Any CPU.ActiveCfg = Debug|Any CPU
		{C90E3D3F-41D3-494B-81F6-EDE5938ED120}.Debug|Any CPU.Build.0 = Debug|Any CPU
		{C90E3D3F-41D3-494B-81F6-EDE5938ED120}.Release|Any CPU.ActiveCfg = Release|Any CPU
		{C90E3D3F-41D3-494B-81F6-EDE5938ED120}.Release|Any CPU.Build.0 = Release|Any CPU
		{AD3623E2-4CEF-491E-AF0A-A4661D23C02D}.Debug|Any CPU.ActiveCfg = Debug|Any CPU
		{AD3623E2-4CEF-491E-AF0A-A4661D23C02D}.Debug|Any CPU.Build.0 = Debug|Any CPU
		{AD3623E2-4CEF-491E-AF0A-A4661D23C02D}.Release|Any CPU.ActiveCfg = Release|Any CPU
		{AD3623E2-4CEF-491E-AF0A-A4661D23C02D}.Release|Any CPU.Build.0 = Release|Any CPU
	EndGlobalSection
EndGlobal
